{"1.2.0",
[{<<"cowboy">>,{pkg,<<"cowboy">>,<<"2.9.0">>},1},
 {<<"cowlib">>,{pkg,<<"cowlib">>,<<"2.11.0">>},2},
 {<<"erlydtl">>,{pkg,<<"erlydtl">>,<<"0.14.0">>},1},
 {<<"flatlog">>,{pkg,<<"flatlog">>,<<"0.1.2">>},0},
 {<<"jhn_stdlib">>,{pkg,<<"jhn_stdlib">>,<<"3.6.2">>},1},
 {<<"nova">>,{pkg,<<"nova">>,<<"0.9.5">>},0},
 {<<"pmod_transform">>,{pkg,<<"pmod_transform">>,<<"1.1.0">>},1},
 {<<"quickrand">>,{pkg,<<"quickrand">>,<<"2.0.7">>},2},
 {<<"ranch">>,{pkg,<<"ranch">>,<<"1.8.0">>},2},
 {<<"routing_tree">>,{pkg,<<"routing_tree">>,<<"1.0.6">>},1},
 {<<"thoas">>,{pkg,<<"thoas">>,<<"0.4.0">>},1},
 {<<"uuid">>,{pkg,<<"uuid_erl">>,<<"2.0.7">>},1}]}.
[
{pkg_hash,[
 {<<"cowboy">>, <<"865DD8B6607E14CF03282E10E934023A1BD8BE6F6BACF921A7E2A96D800CD452">>},
 {<<"cowlib">>, <<"0B9FF9C346629256C42EBE1EEB769A83C6CB771A6EE5960BD110AB0B9B872063">>},
 {<<"erlydtl">>, <<"964B2DC84F8C17ACFAA69C59BA129EF26AC45D2BA898C3C6AD9B5BDC8BA13CED">>},
 {<<"flatlog">>, <<"8C4B81A4931A1396254DBD975B841F4A6350D6F128FF94FFE86799A4451E32B1">>},
 {<<"jhn_stdlib">>, <<"DBF19025FB1CCD7BEDCD19DC655A29618AA5943505DFE707C562E25F69C56BAA">>},
 {<<"nova">>, <<"21551FAA537B6B1583091BD57A9EA37215E0302765CDDCE4A7CA2327F3B529EB">>},
 {<<"pmod_transform">>, <<"A3A4FA607B947C90410BC459DCA27F6B60D25D1588D568280F7276AC8767E106">>},
 {<<"quickrand">>, <<"D2BD76676A446E6A058D678444B7FDA1387B813710D1AF6D6E29BB92186C8820">>},
 {<<"ranch">>, <<"8C7A100A139FD57F17327B6413E4167AC559FBC04CA7448E9BE9057311597A1D">>},
 {<<"routing_tree">>, <<"D565314CC3170DE52D534ECC77E7EB9146E8B6D6B3FDC17E01F24B8A360B4364">>},
 {<<"thoas">>, <<"86A72CCDC5EC388A13F9F843BCD6C1076640233B95440E47FFB8E3C0DBDB5A17">>},
 {<<"uuid">>, <<"B2078D2CC814F53AFA52D36C91E08962C7E7373585C623F4C0EA6DFB04B2AF94">>}]},
{pkg_hash_ext,[
 {<<"cowboy">>, <<"2C729F934B4E1AA149AFF882F57C6372C15399A20D54F65C8D67BEF583021BDE">>},
 {<<"cowlib">>, <<"2B3E9DA0B21C4565751A6D4901C20D1B4CC25CBB7FD50D91D2AB6DD287BC86A9">>},
 {<<"erlydtl">>, <<"D80EC044CD8F58809C19D29AC5605BE09E955040911B644505E31E9DD8143431">>},
 {<<"flatlog">>, <<"FDD2A311A67F63F9D0BC194FAD6BEAF9CCCDE8FFFEE2919DF1C4D86098E49984">>},
 {<<"jhn_stdlib">>, <<"C6F6AE9BC636B0011ABA7B4DACAFF549C0B5CFB58229EBD09959B77391F6ED47">>},
 {<<"nova">>, <<"7BB22139DCDF8831B803C1B475FE461C62E2FFE17B8607220B50805E235E4BBC">>},
 {<<"pmod_transform">>, <<"68C7FF7354C0D837681990D093D367FCC617C32570A1009B8E7ACFF6445499AA">>},
 {<<"quickrand">>, <<"B8ACBF89A224BC217C3070CA8BEBC6EB236DBE7F9767993B274084EA044D35F0">>},
 {<<"ranch">>, <<"49FBCFD3682FAB1F5D109351B61257676DA1A2FDBE295904176D5E521A2DDFE5">>},
 {<<"routing_tree">>, <<"49EADC682FCD8F1061272A77306E334716EAEA24E5F36AF118CB3A21A802BFAE">>},
 {<<"thoas">>, <<"442296847ACA11DB8D25180693D7CA3073D6D7179F66952F07B16415306513B6">>},
 {<<"uuid">>, <<"4E4C5CA3461DC47C5E157ED42AA3981A053B7A186792AF972A27B14A9489324E">>}]}
].
